// !$*UTF8*$!
{
	archiveVersion = 1;
	classes = {
	};
	objectVersion = 50;
	objects = {

/* Begin PBXBuildFile section */
		5A0855CF253078300039F29A /* AppDelegate.swift in Sources */ = {isa = PBXBuildFile; fileRef = 5A0855CE253078300039F29A /* AppDelegate.swift */; };
		5A0855D3253078300039F29A /* ViewController.swift in Sources */ = {isa = PBXBuildFile; fileRef = 5A0855D2253078300039F29A /* ViewController.swift */; };
		5A0855D8253078310039F29A /* Assets.xcassets in Resources */ = {isa = PBXBuildFile; fileRef = 5A0855D7253078310039F29A /* Assets.xcassets */; };
		5A0855EC25307AFA0039F29A /* Main.storyboard in Resources */ = {isa = PBXBuildFile; fileRef = 5A0855EA25307AFA0039F29A /* Main.storyboard */; };
		5A0855ED25307AFA0039F29A /* LaunchScreen.storyboard in Resources */ = {isa = PBXBuildFile; fileRef = 5A0855EB25307AFA0039F29A /* LaunchScreen.storyboard */; };
		5A0855F025307B250039F29A /* SceneDelegate.swift in Sources */ = {isa = PBXBuildFile; fileRef = 5A0855EF25307B250039F29A /* SceneDelegate.swift */; };
		5ADD87232531DD9700249F37 /* AutocompleteField.swift in Sources */ = {isa = PBXBuildFile; fileRef = 5ADD87222531DD9700249F37 /* AutocompleteField.swift */; };
/* End PBXBuildFile section */

/* Begin PBXFileReference section */
		5A0855CB253078300039F29A /* BasicExample.app */ = {isa = PBXFileReference; explicitFileType = wrapper.application; includeInIndex = 0; path = BasicExample.app; sourceTree = BUILT_PRODUCTS_DIR; };
		5A0855CE253078300039F29A /* AppDelegate.swift */ = {isa = PBXFileReference; lastKnownFileType = sourcecode.swift; path = AppDelegate.swift; sourceTree = "<group>"; };
		5A0855D2253078300039F29A /* ViewController.swift */ = {isa = PBXFileReference; lastKnownFileType = sourcecode.swift; path = ViewController.swift; sourceTree = "<group>"; };
		5A0855D7253078310039F29A /* Assets.xcassets */ = {isa = PBXFileReference; lastKnownFileType = folder.assetcatalog; path = Assets.xcassets; sourceTree = "<group>"; };
		5A0855DC253078310039F29A /* Info.plist */ = {isa = PBXFileReference; lastKnownFileType = text.plist.xml; path = Info.plist; sourceTree = "<group>"; };
		5A0855EA25307AFA0039F29A /* Main.storyboard */ = {isa = PBXFileReference; fileEncoding = 4; lastKnownFileType = file.storyboard; path = Main.storyboard; sourceTree = "<group>"; };
		5A0855EB25307AFA0039F29A /* LaunchScreen.storyboard */ = {isa = PBXFileReference; fileEncoding = 4; lastKnownFileType = file.storyboard; path = LaunchScreen.storyboard; sourceTree = "<group>"; };
		5A0855EF25307B250039F29A /* SceneDelegate.swift */ = {isa = PBXFileReference; fileEncoding = 4; lastKnownFileType = sourcecode.swift; path = SceneDelegate.swift; sourceTree = "<group>"; };
		5ADD87222531DD9700249F37 /* AutocompleteField.swift */ = {isa = PBXFileReference; lastKnownFileType = sourcecode.swift; name = AutocompleteField.swift; path = ../../Sources/AutocompleteField.swift; sourceTree = "<group>"; };
/* End PBXFileReference section */

/* Begin PBXFrameworksBuildPhase section */
		5A0855C8253078300039F29A /* Frameworks */ = {
			isa = PBXFrameworksBuildPhase;
			buildActionMask = 2147483647;
			files = (
			);
			runOnlyForDeploymentPostprocessing = 0;
		};
/* End PBXFrameworksBuildPhase section */

/* Begin PBXGroup section */
		5A0855C2253078300039F29A = {
			isa = PBXGroup;
			children = (
				5ADD87222531DD9700249F37 /* AutocompleteField.swift */,
				5A0855CD253078300039F29A /* BasicExample */,
				5A0855CC253078300039F29A /* Products */,
			);
			sourceTree = "<group>";
		};
		5A0855CC253078300039F29A /* Products */ = {
			isa = PBXGroup;
			children = (
				5A0855CB253078300039F29A /* BasicExample.app */,
			);
			name = Products;
			sourceTree = "<group>";
		};
		5A0855CD253078300039F29A /* BasicExample */ = {
			isa = PBXGroup;
			children = (
				5A0855EB25307AFA0039F29A /* LaunchScreen.storyboard */,
				5A0855EA25307AFA0039F29A /* Main.storyboard */,
				5A0855EF25307B250039F29A /* SceneDelegate.swift */,
				5A0855CE253078300039F29A /* AppDelegate.swift */,
				5A0855D2253078300039F29A /* ViewController.swift */,
				5A0855D7253078310039F29A /* Assets.xcassets */,
				5A0855DC253078310039F29A /* Info.plist */,
			);
			path = BasicExample;
			sourceTree = "<group>";
		};
/* End PBXGroup section */

/* Begin PBXNativeTarget section */
		5A0855CA253078300039F29A /* BasicExample */ = {
			isa = PBXNativeTarget;
			buildConfigurationList = 5A0855DF253078310039F29A /* Build configuration list for PBXNativeTarget "BasicExample" */;
			buildPhases = (
				5A0855C7253078300039F29A /* Sources */,
				5A0855C8253078300039F29A /* Frameworks */,
				5A0855C9253078300039F29A /* Resources */,
			);
			buildRules = (
			);
			dependencies = (
			);
			name = BasicExample;
			productName = BasicExample;
			productReference = 5A0855CB253078300039F29A /* BasicExample.app */;
			productType = "com.apple.product-type.application";
		};
/* End PBXNativeTarget section */

/* Begin PBXProject section */
		5A0855C3253078300039F29A /* Project object */ = {
			isa = PBXProject;
			attributes = {
				LastSwiftUpdateCheck = 1200;
				LastUpgradeCheck = 1200;
				TargetAttributes = {
					5A0855CA253078300039F29A = {
						CreatedOnToolsVersion = 12.0.1;
					};
				};
			};
			buildConfigurationList = 5A0855C6253078300039F29A /* Build configuration list for PBXProject "BasicExample" */;
			compatibilityVersion = "Xcode 9.3";
			developmentRegion = en;
			hasScannedForEncodings = 0;
			knownRegions = (
				en,
				Base,
			);
			mainGroup = 5A0855C2253078300039F29A;
			productRefGroup = 5A0855CC253078300039F29A /* Products */;
			projectDirPath = "";
			projectRoot = "";
			targets = (
				5A0855CA253078300039F29A /* BasicExample */,
			);
		};
/* End PBXProject section */

/* Begin PBXResourcesBuildPhase section */
		5A0855C9253078300039F29A /* Resources */ = {
			isa = PBXResourcesBuildPhase;
			buildActionMask = 2147483647;
			files = (
				5A0855ED25307AFA0039F29A /* LaunchScreen.storyboard in Resources */,
				5A0855D8253078310039F29A /* Assets.xcassets in Resources */,
				5A0855EC25307AFA0039F29A /* Main.storyboard in Resources */,
			);
			runOnlyForDeploymentPostprocessing = 0;
		};
/* End PBXResourcesBuildPhase section */

/* Begin PBXSourcesBuildPhase section */
		5A0855C7253078300039F29A /* Sources */ = {
			isa = PBXSourcesBuildPhase;
			buildActionMask = 2147483647;
			files = (
				5ADD87232531DD9700249F37 /* AutocompleteField.swift in Sources */,
				5A0855D3253078300039F29A /* ViewController.swift in Sources */,
				5A0855CF253078300039F29A /* AppDelegate.swift in Sources */,
				5A0855F025307B250039F29A /* SceneDelegate.swift in Sources */,
			);
			runOnlyForDeploymentPostprocessing = 0;
		};
/* End PBXSourcesBuildPhase section */

/* Begin XCBuildConfiguration section */
		5A0855DD253078310039F29A /* Debug */ = {
			isa = XCBuildConfiguration;
			buildSettings = {
				ALWAYS_SEARCH_USER_PATHS = NO;
				CLANG_ANALYZER_NONNULL = YES;
				CLANG_ANALYZER_NUMBER_OBJECT_CONVERSION = YES_AGGRESSIVE;
				CLANG_CXX_LANGUAGE_STANDARD = "gnu++14";
				CLANG_CXX_LIBRARY = "libc++";
				CLANG_ENABLE_MODULES = YES;
				CLANG_ENABLE_OBJC_ARC = YES;
				CLANG_ENABLE_OBJC_WEAK = YES;
				CLANG_WARN_BLOCK_CAPTURE_AUTORELEASING = YES;
				CLANG_WARN_BOOL_CONVERSION = YES;
				CLANG_WARN_COMMA = YES;
				CLANG_WARN_CONSTANT_CONVERSION = YES;
				CLANG_WARN_DEPRECATED_OBJC_IMPLEMENTATIONS = YES;
				CLANG_WARN_DIRECT_OBJC_ISA_USAGE = YES_ERROR;
				CLANG_WARN_DOCUMENTATION_COMMENTS = YES;
				CLANG_WARN_EMPTY_BODY = YES;
				CLANG_WARN_ENUM_CONVERSION = YES;
				CLANG_WARN_INFINITE_RECURSION = YES;
				CLANG_WARN_INT_CONVERSION = YES;
				CLANG_WARN_NON_LITERAL_NULL_CONVERSION = YES;
				CLANG_WARN_OBJC_IMPLICIT_RETAIN_SELF = YES;
				CLANG_WARN_OBJC_LITERAL_CONVERSION = YES;
				CLANG_WARN_OBJC_ROOT_CLASS = YES_ERROR;
				CLANG_WARN_QUOTED_INCLUDE_IN_FRAMEWORK_HEADER = YES;
				CLANG_WARN_RANGE_LOOP_ANALYSIS = YES;
				CLANG_WARN_STRICT_PROTOTYPES = YES;
				CLANG_WARN_SUSPICIOUS_MOVE = YES;
				CLANG_WARN_UNGUARDED_AVAILABILITY = YES_AGGRESSIVE;
				CLANG_WARN_UNREACHABLE_CODE = YES;
				CLANG_WARN__DUPLICATE_METHOD_MATCH = YES;
				COPY_PHASE_STRIP = NO;
				DEBUG_INFORMATION_FORMAT = dwarf;
				ENABLE_STRICT_OBJC_MSGSEND = YES;
				ENABLE_TESTABILITY = YES;
				GCC_C_LANGUAGE_STANDARD = gnu11;
				GCC_DYNAMIC_NO_PIC = NO;
				GCC_NO_COMMON_BLOCKS = YES;
				GCC_OPTIMIZATION_LEVEL = 0;
				GCC_PREPROCESSOR_DEFINITIONS = (
					"DEBUG=1",
					"$(inherited)",
				);
				GCC_WARN_64_TO_32_BIT_CONVERSION = YES;
				GCC_WARN_ABOUT_RETURN_TYPE = YES_ERROR;
				GCC_WARN_UNDECLARED_SELECTOR = YES;
				GCC_WARN_UNINITIALIZED_AUTOS = YES_AGGRESSIVE;
				GCC_WARN_UNUSED_FUNCTION = YES;
				GCC_WARN_UNUSED_VARIABLE = YES;
				IPHONEOS_DEPLOYMENT_TARGET = 14.0;
				MTL_ENABLE_DEBUG_INFO = INCLUDE_SOURCE;
				MTL_FAST_MATH = YES;
				ONLY_ACTIVE_ARCH = YES;
				SDKROOT = iphoneos;
				SWIFT_ACTIVE_COMPILATION_CONDITIONS = DEBUG;
				SWIFT_OPTIMIZATION_LEVEL = "-Onone";
			};
			name = Debug;
		};
		5A0855DE253078310039F29A /* Release */ = {
			isa = XCBuildConfiguration;
			buildSettings = {
				ALWAYS_SEARCH_USER_PATHS = NO;
				CLANG_ANALYZER_NONNULL = YES;
				CLANG_ANALYZER_NUMBER_OBJECT_CONVERSION = YES_AGGRESSIVE;
				CLANG_CXX_LANGUAGE_STANDARD = "gnu++14";
				CLANG_CXX_LIBRARY = "libc++";
				CLANG_ENABLE_MODULES = YES;
				CLANG_ENABLE_OBJC_ARC = YES;
				CLANG_ENABLE_OBJC_WEAK = YES;
				CLANG_WARN_BLOCK_CAPTURE_AUTORELEASING = YES;
				CLANG_WARN_BOOL_CONVERSION = YES;
				CLANG_WARN_COMMA = YES;
				CLANG_WARN_CONSTANT_CONVERSION = YES;
				CLANG_WARN_DEPRECATED_OBJC_IMPLEMENTATIONS = YES;
				CLANG_WARN_DIRECT_OBJC_ISA_USAGE = YES_ERROR;
				CLANG_WARN_DOCUMENTATION_COMMENTS = YES;
				CLANG_WARN_EMPTY_BODY = YES;
				CLANG_WARN_ENUM_CONVERSION = YES;
				CLANG_WARN_INFINITE_RECURSION = YES;
				CLANG_WARN_INT_CONVERSION = YES;
				CLANG_WARN_NON_LITERAL_NULL_CONVERSION = YES;
				CLANG_WARN_OBJC_IMPLICIT_RETAIN_SELF = YES;
				CLANG_WARN_OBJC_LITERAL_CONVERSION = YES;
				CLANG_WARN_OBJC_ROOT_CLASS = YES_ERROR;
				CLANG_WARN_QUOTED_INCLUDE_IN_FRAMEWORK_HEADER = YES;
				CLANG_WARN_RANGE_LOOP_ANALYSIS = YES;
				CLANG_WARN_STRICT_PROTOTYPES = YES;
				CLANG_WARN_SUSPICIOUS_MOVE = YES;
				CLANG_WARN_UNGUARDED_AVAILABILITY = YES_AGGRESSIVE;
				CLANG_WARN_UNREACHABLE_CODE = YES;
				CLANG_WARN__DUPLICATE_METHOD_MATCH = YES;
				COPY_PHASE_STRIP = NO;
				DEBUG_INFORMATION_FORMAT = "dwarf-with-dsym";
				ENABLE_NS_ASSERTIONS = NO;
				ENABLE_STRICT_OBJC_MSGSEND = YES;
				GCC_C_LANGUAGE_STANDARD = gnu11;
				GCC_NO_COMMON_BLOCKS = YES;
				GCC_WARN_64_TO_32_BIT_CONVERSION = YES;
				GCC_WARN_ABOUT_RETURN_TYPE = YES_ERROR;
				GCC_WARN_UNDECLARED_SELECTOR = YES;
				GCC_WARN_UNINITIALIZED_AUTOS = YES_AGGRESSIVE;
				GCC_WARN_UNUSED_FUNCTION = YES;
				GCC_WARN_UNUSED_VARIABLE = YES;
				IPHONEOS_DEPLOYMENT_TARGET = 14.0;
				MTL_ENABLE_DEBUG_INFO = NO;
				MTL_FAST_MATH = YES;
				SDKROOT = iphoneos;
				SWIFT_COMPILATION_MODE = wholemodule;
				SWIFT_OPTIMIZATION_LEVEL = "-O";
				VALIDATE_PRODUCT = YES;
			};
			name = Release;
		};
		5A0855E0253078310039F29A /* Debug */ = {
			isa = XCBuildConfiguration;
			buildSettings = {
				ASSETCATALOG_COMPILER_APPICON_NAME = AppIcon;
				ASSETCATALOG_COMPILER_GLOBAL_ACCENT_COLOR_NAME = AccentColor;
				CODE_SIGN_STYLE = Automatic;
				INFOPLIST_FILE = BasicExample/Info.plist;
				LD_RUNPATH_SEARCH_PATHS = (
					"$(inherited)",
					"@executable_path/Frameworks",
				);
				PRODUCT_BUNDLE_IDENTIFIER = "com.pixby.autocomplete-field-basic-example.BasicExample";
				PRODUCT_NAME = "$(TARGET_NAME)";
				SWIFT_VERSION = 4.2;
				TARGETED_DEVICE_FAMILY = "1,2";
			};
			name = Debug;
		};
		5A0855E1253078310039F29A /* Release */ = {
			isa = XCBuildConfiguration;
			buildSettings = {
				ASSETCATALOG_COMPILER_APPICON_NAME = AppIcon;
				ASSETCATALOG_COMPILER_GLOBAL_ACCENT_COLOR_NAME = AccentColor;
				CODE_SIGN_STYLE = Automatic;
				INFOPLIST_FILE = BasicExample/Info.plist;
				LD_RUNPATH_SEARCH_PATHS = (
					"$(inherited)",
					"@executable_path/Frameworks",
				);
				PRODUCT_BUNDLE_IDENTIFIER = "com.pixby.autocomplete-field-basic-example.BasicExample";
				PRODUCT_NAME = "$(TARGET_NAME)";
				SWIFT_VERSION = 4.2;
				TARGETED_DEVICE_FAMILY = "1,2";
			};
			name = Release;
		};
/* End XCBuildConfiguration section */

/* Begin XCConfigurationList section */
		5A0855C6253078300039F29A /* Build configuration list for PBXProject "BasicExample" */ = {
			isa = XCConfigurationList;
			buildConfigurations = (
				5A0855DD253078310039F29A /* Debug */,
				5A0855DE253078310039F29A /* Release */,
			);
			defaultConfigurationIsVisible = 0;
			defaultConfigurationName = Release;
		};
		5A0855DF253078310039F29A /* Build configuration list for PBXNativeTarget "BasicExample" */ = {
			isa = XCConfigurationList;
			buildConfigurations = (
				5A0855E0253078310039F29A /* Debug */,
				5A0855E1253078310039F29A /* Release */,
			);
			defaultConfigurationIsVisible = 0;
			defaultConfigurationName = Release;
		};
/* End XCConfigurationList section */
	};
	rootObject = 5A0855C3253078300039F29A /* Project object */;
}
